
Microsoft Visual Studio Solution File, Format Version 12.00
# Visual Studio 14
VisualStudioVersion = 14.0.25420.1
MinimumVisualStudioVersion = 10.0.40219.1
Project("{D2ABAB84-BF74-430A-B69E-9DC6D40DDA17}") = "SSAS", "SSAS\SSAS.dwproj", "{6303451B-08BF-4AF2-A074-9D8C1D83C625}"
EndProject
Global
	GlobalSection(SolutionConfigurationPlatforms) = preSolution
		Development|Default = Development|Default
	EndGlobalSection
	GlobalSection(ProjectConfigurationPlatforms) = postSolution
		{6303451B-08BF-4AF2-A074-9D8C1D83C625}.Development|Default.ActiveCfg = Development
		{6303451B-08BF-4AF2-A074-9D8C1D83C625}.Development|Default.Build.0 = Development
		{6303451B-08BF-4AF2-A074-9D8C1D83C625}.Development|Default.Deploy.0 = Development
	EndGlobalSection
	GlobalSection(SolutionProperties) = preSolution
		HideSolutionNode = FALSE
	EndGlobalSection
EndGlobal
